// !$*UTF8*$!
{
	archiveVersion = 1;
	classes = {
	};
	objectVersion = 50;
	objects = {

/* Begin PBXBuildFile section */
		C86CCC1E2697BB6900295D12 /* ReviewViewController.swift in Sources */ = {isa = PBXBuildFile; fileRef = C86CCC1D2697BB6900295D12 /* ReviewViewController.swift */; };
		C86CCC212697BB7900295D12 /* ReviewPresenter.swift in Sources */ = {isa = PBXBuildFile; fileRef = C86CCC202697BB7900295D12 /* ReviewPresenter.swift */; };
		C8D5EC3A2697464800552968 /* AppDelegate.swift in Sources */ = {isa = PBXBuildFile; fileRef = C8D5EC392697464800552968 /* AppDelegate.swift */; };
		C8D5EC3C2697464800552968 /* SceneDelegate.swift in Sources */ = {isa = PBXBuildFile; fileRef = C8D5EC3B2697464800552968 /* SceneDelegate.swift */; };
		C8D5EC3E2697464800552968 /* ViewController.swift in Sources */ = {isa = PBXBuildFile; fileRef = C8D5EC3D2697464800552968 /* ViewController.swift */; };
		C8D5EC412697464900552968 /* Main.storyboard in Resources */ = {isa = PBXBuildFile; fileRef = C8D5EC3F2697464900552968 /* Main.storyboard */; };
		C8D5EC432697464C00552968 /* Assets.xcassets in Resources */ = {isa = PBXBuildFile; fileRef = C8D5EC422697464C00552968 /* Assets.xcassets */; };
		C8D5EC462697464C00552968 /* LaunchScreen.storyboard in Resources */ = {isa = PBXBuildFile; fileRef = C8D5EC442697464C00552968 /* LaunchScreen.storyboard */; };
		C8D5EC51269749B400552968 /* BaseViewController.swift in Sources */ = {isa = PBXBuildFile; fileRef = C8D5EC50269749B400552968 /* BaseViewController.swift */; };
		C8D5EC5526974A0100552968 /* BasePresenter.swift in Sources */ = {isa = PBXBuildFile; fileRef = C8D5EC5426974A0100552968 /* BasePresenter.swift */; };
		C8D5EC5926974B9000552968 /* UrlPhotoHandling.swift in Sources */ = {isa = PBXBuildFile; fileRef = C8D5EC5826974B9000552968 /* UrlPhotoHandling.swift */; };
		C8D5EC5C26974BCC00552968 /* UrlImageHandling.swift in Sources */ = {isa = PBXBuildFile; fileRef = C8D5EC5B26974BCC00552968 /* UrlImageHandling.swift */; };
		C8D5EC5F26974C0400552968 /* SupportExtension.swift in Sources */ = {isa = PBXBuildFile; fileRef = C8D5EC5E26974C0400552968 /* SupportExtension.swift */; };
		C8D5EC6226974E1800552968 /* Model.swift in Sources */ = {isa = PBXBuildFile; fileRef = C8D5EC6126974E1800552968 /* Model.swift */; };
		C8D5EC6526974E5100552968 /* Config.swift in Sources */ = {isa = PBXBuildFile; fileRef = C8D5EC6426974E5100552968 /* Config.swift */; };
		C8D5EC6826974F1500552968 /* ViewPresenter.swift in Sources */ = {isa = PBXBuildFile; fileRef = C8D5EC6726974F1500552968 /* ViewPresenter.swift */; };
		C8D5EC6B26974FB900552968 /* BaseDelegate.swift in Sources */ = {isa = PBXBuildFile; fileRef = C8D5EC6A26974FB900552968 /* BaseDelegate.swift */; };
		C8D5EC73269755DD00552968 /* YoutubeController.swift in Sources */ = {isa = PBXBuildFile; fileRef = C8D5EC72269755DD00552968 /* YoutubeController.swift */; };
		C8D5EC77269759B000552968 /* MoviePresenter.swift in Sources */ = {isa = PBXBuildFile; fileRef = C8D5EC76269759B000552968 /* MoviePresenter.swift */; };
		C8D5EC7A26975A6C00552968 /* MovieViewController.swift in Sources */ = {isa = PBXBuildFile; fileRef = C8D5EC7926975A6C00552968 /* MovieViewController.swift */; };
		C8D5EC7F26976FEA00552968 /* DetailPresenter.swift in Sources */ = {isa = PBXBuildFile; fileRef = C8D5EC7E26976FEA00552968 /* DetailPresenter.swift */; };
		C8D5EC832697717800552968 /* DetailViewController.swift in Sources */ = {isa = PBXBuildFile; fileRef = C8D5EC822697717800552968 /* DetailViewController.swift */; };
/* End PBXBuildFile section */

/* Begin PBXFileReference section */
		C86CCC1D2697BB6900295D12 /* ReviewViewController.swift */ = {isa = PBXFileReference; lastKnownFileType = sourcecode.swift; path = ReviewViewController.swift; sourceTree = "<group>"; };
		C86CCC202697BB7900295D12 /* ReviewPresenter.swift */ = {isa = PBXFileReference; lastKnownFileType = sourcecode.swift; path = ReviewPresenter.swift; sourceTree = "<group>"; };
		C89E1505269840B100311676 /* README.md */ = {isa = PBXFileReference; lastKnownFileType = net.daringfireball.markdown; path = README.md; sourceTree = "<group>"; };
		C89E150726984E2A00311676 /* preview.gif */ = {isa = PBXFileReference; lastKnownFileType = image.gif; path = preview.gif; sourceTree = "<group>"; };
		C8D5EC362697464800552968 /* MandiriMovie.app */ = {isa = PBXFileReference; explicitFileType = wrapper.application; includeInIndex = 0; path = MandiriMovie.app; sourceTree = BUILT_PRODUCTS_DIR; };
		C8D5EC392697464800552968 /* AppDelegate.swift */ = {isa = PBXFileReference; lastKnownFileType = sourcecode.swift; path = AppDelegate.swift; sourceTree = "<group>"; };
		C8D5EC3B2697464800552968 /* SceneDelegate.swift */ = {isa = PBXFileReference; lastKnownFileType = sourcecode.swift; path = SceneDelegate.swift; sourceTree = "<group>"; };
		C8D5EC3D2697464800552968 /* ViewController.swift */ = {isa = PBXFileReference; lastKnownFileType = sourcecode.swift; path = ViewController.swift; sourceTree = "<group>"; };
		C8D5EC402697464900552968 /* Base */ = {isa = PBXFileReference; lastKnownFileType = file.storyboard; name = Base; path = Base.lproj/Main.storyboard; sourceTree = "<group>"; };
		C8D5EC422697464C00552968 /* Assets.xcassets */ = {isa = PBXFileReference; lastKnownFileType = folder.assetcatalog; path = Assets.xcassets; sourceTree = "<group>"; };
		C8D5EC452697464C00552968 /* Base */ = {isa = PBXFileReference; lastKnownFileType = file.storyboard; name = Base; path = Base.lproj/LaunchScreen.storyboard; sourceTree = "<group>"; };
		C8D5EC472697464C00552968 /* Info.plist */ = {isa = PBXFileReference; lastKnownFileType = text.plist.xml; path = Info.plist; sourceTree = "<group>"; };
		C8D5EC50269749B400552968 /* BaseViewController.swift */ = {isa = PBXFileReference; lastKnownFileType = sourcecode.swift; path = BaseViewController.swift; sourceTree = "<group>"; };
		C8D5EC5426974A0100552968 /* BasePresenter.swift */ = {isa = PBXFileReference; lastKnownFileType = sourcecode.swift; path = BasePresenter.swift; sourceTree = "<group>"; };
		C8D5EC5826974B9000552968 /* UrlPhotoHandling.swift */ = {isa = PBXFileReference; lastKnownFileType = sourcecode.swift; path = UrlPhotoHandling.swift; sourceTree = "<group>"; };
		C8D5EC5B26974BCC00552968 /* UrlImageHandling.swift */ = {isa = PBXFileReference; lastKnownFileType = sourcecode.swift; path = UrlImageHandling.swift; sourceTree = "<group>"; };
		C8D5EC5E26974C0400552968 /* SupportExtension.swift */ = {isa = PBXFileReference; lastKnownFileType = sourcecode.swift; path = SupportExtension.swift; sourceTree = "<group>"; };
		C8D5EC6126974E1800552968 /* Model.swift */ = {isa = PBXFileReference; lastKnownFileType = sourcecode.swift; path = Model.swift; sourceTree = "<group>"; };
		C8D5EC6426974E5100552968 /* Config.swift */ = {isa = PBXFileReference; lastKnownFileType = sourcecode.swift; path = Config.swift; sourceTree = "<group>"; };
		C8D5EC6726974F1500552968 /* ViewPresenter.swift */ = {isa = PBXFileReference; lastKnownFileType = sourcecode.swift; path = ViewPresenter.swift; sourceTree = "<group>"; };
		C8D5EC6A26974FB900552968 /* BaseDelegate.swift */ = {isa = PBXFileReference; lastKnownFileType = sourcecode.swift; path = BaseDelegate.swift; sourceTree = "<group>"; };
		C8D5EC72269755DD00552968 /* YoutubeController.swift */ = {isa = PBXFileReference; lastKnownFileType = sourcecode.swift; path = YoutubeController.swift; sourceTree = "<group>"; };
		C8D5EC76269759B000552968 /* MoviePresenter.swift */ = {isa = PBXFileReference; lastKnownFileType = sourcecode.swift; path = MoviePresenter.swift; sourceTree = "<group>"; };
		C8D5EC7926975A6C00552968 /* MovieViewController.swift */ = {isa = PBXFileReference; lastKnownFileType = sourcecode.swift; path = MovieViewController.swift; sourceTree = "<group>"; };
		C8D5EC7E26976FEA00552968 /* DetailPresenter.swift */ = {isa = PBXFileReference; lastKnownFileType = sourcecode.swift; path = DetailPresenter.swift; sourceTree = "<group>"; };
		C8D5EC822697717800552968 /* DetailViewController.swift */ = {isa = PBXFileReference; lastKnownFileType = sourcecode.swift; path = DetailViewController.swift; sourceTree = "<group>"; };
/* End PBXFileReference section */

/* Begin PBXFrameworksBuildPhase section */
		C8D5EC332697464800552968 /* Frameworks */ = {
			isa = PBXFrameworksBuildPhase;
			buildActionMask = 2147483647;
			files = (
			);
			runOnlyForDeploymentPostprocessing = 0;
		};
/* End PBXFrameworksBuildPhase section */

/* Begin PBXGroup section */
		C86CCC1B2697BAC700295D12 /* Review */ = {
			isa = PBXGroup;
			children = (
				C86CCC202697BB7900295D12 /* ReviewPresenter.swift */,
				C86CCC1D2697BB6900295D12 /* ReviewViewController.swift */,
			);
			path = Review;
			sourceTree = "<group>";
		};
		C8D5EC2D2697464800552968 = {
			isa = PBXGroup;
			children = (
				C89E150726984E2A00311676 /* preview.gif */,
				C89E1505269840B100311676 /* README.md */,
				C8D5EC382697464800552968 /* MandiriMovie */,
				C8D5EC372697464800552968 /* Products */,
			);
			sourceTree = "<group>";
		};
		C8D5EC372697464800552968 /* Products */ = {
			isa = PBXGroup;
			children = (
				C8D5EC362697464800552968 /* MandiriMovie.app */,
			);
			name = Products;
			sourceTree = "<group>";
		};
		C8D5EC382697464800552968 /* MandiriMovie */ = {
			isa = PBXGroup;
			children = (
				C86CCC1B2697BAC700295D12 /* Review */,
				C8D5EC7D26976FD800552968 /* Detail */,
				C8D5EC392697464800552968 /* AppDelegate.swift */,
				C8D5EC422697464C00552968 /* Assets.xcassets */,
				C8D5EC4F2697498F00552968 /* Base */,
				C8D5EC6426974E5100552968 /* Config.swift */,
				C8D5EC6E2697556D00552968 /* Home */,
				C8D5EC472697464C00552968 /* Info.plist */,
				C8D5EC442697464C00552968 /* LaunchScreen.storyboard */,
				C8D5EC3F2697464900552968 /* Main.storyboard */,
				C8D5EC6126974E1800552968 /* Model.swift */,
				C8D5EC70269755B300552968 /* Movie */,
				C8D5EC3B2697464800552968 /* SceneDelegate.swift */,
				C8D5EC5726974A9F00552968 /* Utils */,
				C8D5EC71269755C900552968 /* Youtube */,
			);
			path = MandiriMovie;
			sourceTree = "<group>";
		};
		C8D5EC4F2697498F00552968 /* Base */ = {
			isa = PBXGroup;
			children = (
				C8D5EC6A26974FB900552968 /* BaseDelegate.swift */,
				C8D5EC5426974A0100552968 /* BasePresenter.swift */,
				C8D5EC50269749B400552968 /* BaseViewController.swift */,
			);
			path = Base;
			sourceTree = "<group>";
		};
		C8D5EC5726974A9F00552968 /* Utils */ = {
			isa = PBXGroup;
			children = (
				C8D5EC5E26974C0400552968 /* SupportExtension.swift */,
				C8D5EC5B26974BCC00552968 /* UrlImageHandling.swift */,
				C8D5EC5826974B9000552968 /* UrlPhotoHandling.swift */,
			);
			path = Utils;
			sourceTree = "<group>";
		};
		C8D5EC6E2697556D00552968 /* Home */ = {
			isa = PBXGroup;
			children = (
				C8D5EC3D2697464800552968 /* ViewController.swift */,
				C8D5EC6726974F1500552968 /* ViewPresenter.swift */,
			);
			path = Home;
			sourceTree = "<group>";
		};
		C8D5EC70269755B300552968 /* Movie */ = {
			isa = PBXGroup;
			children = (
				C8D5EC76269759B000552968 /* MoviePresenter.swift */,
				C8D5EC7926975A6C00552968 /* MovieViewController.swift */,
			);
			path = Movie;
			sourceTree = "<group>";
		};
		C8D5EC71269755C900552968 /* Youtube */ = {
			isa = PBXGroup;
			children = (
				C8D5EC72269755DD00552968 /* YoutubeController.swift */,
			);
			path = Youtube;
			sourceTree = "<group>";
		};
		C8D5EC7D26976FD800552968 /* Detail */ = {
			isa = PBXGroup;
			children = (
				C8D5EC7E26976FEA00552968 /* DetailPresenter.swift */,
				C8D5EC822697717800552968 /* DetailViewController.swift */,
			);
			path = Detail;
			sourceTree = "<group>";
		};
/* End PBXGroup section */

/* Begin PBXNativeTarget section */
		C8D5EC352697464800552968 /* MandiriMovie */ = {
			isa = PBXNativeTarget;
			buildConfigurationList = C8D5EC4A2697464C00552968 /* Build configuration list for PBXNativeTarget "MandiriMovie" */;
			buildPhases = (
				C8D5EC322697464800552968 /* Sources */,
				C8D5EC332697464800552968 /* Frameworks */,
				C8D5EC342697464800552968 /* Resources */,
			);
			buildRules = (
			);
			dependencies = (
			);
			name = MandiriMovie;
			productName = MandiriMovie;
			productReference = C8D5EC362697464800552968 /* MandiriMovie.app */;
			productType = "com.apple.product-type.application";
		};
/* End PBXNativeTarget section */

/* Begin PBXProject section */
		C8D5EC2E2697464800552968 /* Project object */ = {
			isa = PBXProject;
			attributes = {
				LastSwiftUpdateCheck = 1240;
				LastUpgradeCheck = 1240;
				TargetAttributes = {
					C8D5EC352697464800552968 = {
						CreatedOnToolsVersion = 12.4;
					};
				};
			};
			buildConfigurationList = C8D5EC312697464800552968 /* Build configuration list for PBXProject "MandiriMovie" */;
			compatibilityVersion = "Xcode 9.3";
			developmentRegion = en;
			hasScannedForEncodings = 0;
			knownRegions = (
				en,
				Base,
			);
			mainGroup = C8D5EC2D2697464800552968;
			productRefGroup = C8D5EC372697464800552968 /* Products */;
			projectDirPath = "";
			projectRoot = "";
			targets = (
				C8D5EC352697464800552968 /* MandiriMovie */,
			);
		};
/* End PBXProject section */

/* Begin PBXResourcesBuildPhase section */
		C8D5EC342697464800552968 /* Resources */ = {
			isa = PBXResourcesBuildPhase;
			buildActionMask = 2147483647;
			files = (
				C8D5EC462697464C00552968 /* LaunchScreen.storyboard in Resources */,
				C8D5EC432697464C00552968 /* Assets.xcassets in Resources */,
				C8D5EC412697464900552968 /* Main.storyboard in Resources */,
			);
			runOnlyForDeploymentPostprocessing = 0;
		};
/* End PBXResourcesBuildPhase section */

/* Begin PBXSourcesBuildPhase section */
		C8D5EC322697464800552968 /* Sources */ = {
			isa = PBXSourcesBuildPhase;
			buildActionMask = 2147483647;
			files = (
				C8D5EC6226974E1800552968 /* Model.swift in Sources */,
				C8D5EC832697717800552968 /* DetailViewController.swift in Sources */,
				C8D5EC5C26974BCC00552968 /* UrlImageHandling.swift in Sources */,
				C86CCC212697BB7900295D12 /* ReviewPresenter.swift in Sources */,
				C8D5EC3E2697464800552968 /* ViewController.swift in Sources */,
				C8D5EC77269759B000552968 /* MoviePresenter.swift in Sources */,
				C8D5EC5526974A0100552968 /* BasePresenter.swift in Sources */,
				C8D5EC5F26974C0400552968 /* SupportExtension.swift in Sources */,
				C8D5EC73269755DD00552968 /* YoutubeController.swift in Sources */,
				C86CCC1E2697BB6900295D12 /* ReviewViewController.swift in Sources */,
				C8D5EC51269749B400552968 /* BaseViewController.swift in Sources */,
				C8D5EC3A2697464800552968 /* AppDelegate.swift in Sources */,
				C8D5EC6B26974FB900552968 /* BaseDelegate.swift in Sources */,
				C8D5EC6526974E5100552968 /* Config.swift in Sources */,
				C8D5EC7F26976FEA00552968 /* DetailPresenter.swift in Sources */,
				C8D5EC7A26975A6C00552968 /* MovieViewController.swift in Sources */,
				C8D5EC3C2697464800552968 /* SceneDelegate.swift in Sources */,
				C8D5EC5926974B9000552968 /* UrlPhotoHandling.swift in Sources */,
				C8D5EC6826974F1500552968 /* ViewPresenter.swift in Sources */,
			);
			runOnlyForDeploymentPostprocessing = 0;
		};
/* End PBXSourcesBuildPhase section */

/* Begin PBXVariantGroup section */
		C8D5EC3F2697464900552968 /* Main.storyboard */ = {
			isa = PBXVariantGroup;
			children = (
				C8D5EC402697464900552968 /* Base */,
			);
			name = Main.storyboard;
			sourceTree = "<group>";
		};
		C8D5EC442697464C00552968 /* LaunchScreen.storyboard */ = {
			isa = PBXVariantGroup;
			children = (
				C8D5EC452697464C00552968 /* Base */,
			);
			name = LaunchScreen.storyboard;
			sourceTree = "<group>";
		};
/* End PBXVariantGroup section */

/* Begin XCBuildConfiguration section */
		C8D5EC482697464C00552968 /* Debug */ = {
			isa = XCBuildConfiguration;
			buildSettings = {
				ALWAYS_SEARCH_USER_PATHS = NO;
				CLANG_ANALYZER_NONNULL = YES;
				CLANG_ANALYZER_NUMBER_OBJECT_CONVERSION = YES_AGGRESSIVE;
				CLANG_CXX_LANGUAGE_STANDARD = "gnu++14";
				CLANG_CXX_LIBRARY = "libc++";
				CLANG_ENABLE_MODULES = YES;
				CLANG_ENABLE_OBJC_ARC = YES;
				CLANG_ENABLE_OBJC_WEAK = YES;
				CLANG_WARN_BLOCK_CAPTURE_AUTORELEASING = YES;
				CLANG_WARN_BOOL_CONVERSION = YES;
				CLANG_WARN_COMMA = YES;
				CLANG_WARN_CONSTANT_CONVERSION = YES;
				CLANG_WARN_DEPRECATED_OBJC_IMPLEMENTATIONS = YES;
				CLANG_WARN_DIRECT_OBJC_ISA_USAGE = YES_ERROR;
				CLANG_WARN_DOCUMENTATION_COMMENTS = YES;
				CLANG_WARN_EMPTY_BODY = YES;
				CLANG_WARN_ENUM_CONVERSION = YES;
				CLANG_WARN_INFINITE_RECURSION = YES;
				CLANG_WARN_INT_CONVERSION = YES;
				CLANG_WARN_NON_LITERAL_NULL_CONVERSION = YES;
				CLANG_WARN_OBJC_IMPLICIT_RETAIN_SELF = YES;
				CLANG_WARN_OBJC_LITERAL_CONVERSION = YES;
				CLANG_WARN_OBJC_ROOT_CLASS = YES_ERROR;
				CLANG_WARN_QUOTED_INCLUDE_IN_FRAMEWORK_HEADER = YES;
				CLANG_WARN_RANGE_LOOP_ANALYSIS = YES;
				CLANG_WARN_STRICT_PROTOTYPES = YES;
				CLANG_WARN_SUSPICIOUS_MOVE = YES;
				CLANG_WARN_UNGUARDED_AVAILABILITY = YES_AGGRESSIVE;
				CLANG_WARN_UNREACHABLE_CODE = YES;
				CLANG_WARN__DUPLICATE_METHOD_MATCH = YES;
				COPY_PHASE_STRIP = NO;
				DEBUG_INFORMATION_FORMAT = dwarf;
				ENABLE_STRICT_OBJC_MSGSEND = YES;
				ENABLE_TESTABILITY = YES;
				GCC_C_LANGUAGE_STANDARD = gnu11;
				GCC_DYNAMIC_NO_PIC = NO;
				GCC_NO_COMMON_BLOCKS = YES;
				GCC_OPTIMIZATION_LEVEL = 0;
				GCC_PREPROCESSOR_DEFINITIONS = (
					"DEBUG=1",
					"$(inherited)",
				);
				GCC_WARN_64_TO_32_BIT_CONVERSION = YES;
				GCC_WARN_ABOUT_RETURN_TYPE = YES_ERROR;
				GCC_WARN_UNDECLARED_SELECTOR = YES;
				GCC_WARN_UNINITIALIZED_AUTOS = YES_AGGRESSIVE;
				GCC_WARN_UNUSED_FUNCTION = YES;
				GCC_WARN_UNUSED_VARIABLE = YES;
				IPHONEOS_DEPLOYMENT_TARGET = 14.4;
				MTL_ENABLE_DEBUG_INFO = INCLUDE_SOURCE;
				MTL_FAST_MATH = YES;
				ONLY_ACTIVE_ARCH = YES;
				SDKROOT = iphoneos;
				SWIFT_ACTIVE_COMPILATION_CONDITIONS = DEBUG;
				SWIFT_OPTIMIZATION_LEVEL = "-Onone";
			};
			name = Debug;
		};
		C8D5EC492697464C00552968 /* Release */ = {
			isa = XCBuildConfiguration;
			buildSettings = {
				ALWAYS_SEARCH_USER_PATHS = NO;
				CLANG_ANALYZER_NONNULL = YES;
				CLANG_ANALYZER_NUMBER_OBJECT_CONVERSION = YES_AGGRESSIVE;
				CLANG_CXX_LANGUAGE_STANDARD = "gnu++14";
				CLANG_CXX_LIBRARY = "libc++";
				CLANG_ENABLE_MODULES = YES;
				CLANG_ENABLE_OBJC_ARC = YES;
				CLANG_ENABLE_OBJC_WEAK = YES;
				CLANG_WARN_BLOCK_CAPTURE_AUTORELEASING = YES;
				CLANG_WARN_BOOL_CONVERSION = YES;
				CLANG_WARN_COMMA = YES;
				CLANG_WARN_CONSTANT_CONVERSION = YES;
				CLANG_WARN_DEPRECATED_OBJC_IMPLEMENTATIONS = YES;
				CLANG_WARN_DIRECT_OBJC_ISA_USAGE = YES_ERROR;
				CLANG_WARN_DOCUMENTATION_COMMENTS = YES;
				CLANG_WARN_EMPTY_BODY = YES;
				CLANG_WARN_ENUM_CONVERSION = YES;
				CLANG_WARN_INFINITE_RECURSION = YES;
				CLANG_WARN_INT_CONVERSION = YES;
				CLANG_WARN_NON_LITERAL_NULL_CONVERSION = YES;
				CLANG_WARN_OBJC_IMPLICIT_RETAIN_SELF = YES;
				CLANG_WARN_OBJC_LITERAL_CONVERSION = YES;
				CLANG_WARN_OBJC_ROOT_CLASS = YES_ERROR;
				CLANG_WARN_QUOTED_INCLUDE_IN_FRAMEWORK_HEADER = YES;
				CLANG_WARN_RANGE_LOOP_ANALYSIS = YES;
				CLANG_WARN_STRICT_PROTOTYPES = YES;
				CLANG_WARN_SUSPICIOUS_MOVE = YES;
				CLANG_WARN_UNGUARDED_AVAILABILITY = YES_AGGRESSIVE;
				CLANG_WARN_UNREACHABLE_CODE = YES;
				CLANG_WARN__DUPLICATE_METHOD_MATCH = YES;
				COPY_PHASE_STRIP = NO;
				DEBUG_INFORMATION_FORMAT = "dwarf-with-dsym";
				ENABLE_NS_ASSERTIONS = NO;
				ENABLE_STRICT_OBJC_MSGSEND = YES;
				GCC_C_LANGUAGE_STANDARD = gnu11;
				GCC_NO_COMMON_BLOCKS = YES;
				GCC_WARN_64_TO_32_BIT_CONVERSION = YES;
				GCC_WARN_ABOUT_RETURN_TYPE = YES_ERROR;
				GCC_WARN_UNDECLARED_SELECTOR = YES;
				GCC_WARN_UNINITIALIZED_AUTOS = YES_AGGRESSIVE;
				GCC_WARN_UNUSED_FUNCTION = YES;
				GCC_WARN_UNUSED_VARIABLE = YES;
				IPHONEOS_DEPLOYMENT_TARGET = 14.4;
				MTL_ENABLE_DEBUG_INFO = NO;
				MTL_FAST_MATH = YES;
				SDKROOT = iphoneos;
				SWIFT_COMPILATION_MODE = wholemodule;
				SWIFT_OPTIMIZATION_LEVEL = "-O";
				VALIDATE_PRODUCT = YES;
			};
			name = Release;
		};
		C8D5EC4B2697464C00552968 /* Debug */ = {
			isa = XCBuildConfiguration;
			buildSettings = {
				ASSETCATALOG_COMPILER_APPICON_NAME = AppIcon;
				ASSETCATALOG_COMPILER_GLOBAL_ACCENT_COLOR_NAME = AccentColor;
				CODE_SIGN_STYLE = Automatic;
				DEVELOPMENT_TEAM = V769GH4BXT;
				INFOPLIST_FILE = MandiriMovie/Info.plist;
				LD_RUNPATH_SEARCH_PATHS = (
					"$(inherited)",
					"@executable_path/Frameworks",
				);
				PRODUCT_BUNDLE_IDENTIFIER = am.ios.MandiriMovie;
				PRODUCT_NAME = "$(TARGET_NAME)";
				SWIFT_VERSION = 5.0;
				TARGETED_DEVICE_FAMILY = 1;
			};
			name = Debug;
		};
		C8D5EC4C2697464C00552968 /* Release */ = {
			isa = XCBuildConfiguration;
			buildSettings = {
				ASSETCATALOG_COMPILER_APPICON_NAME = AppIcon;
				ASSETCATALOG_COMPILER_GLOBAL_ACCENT_COLOR_NAME = AccentColor;
				CODE_SIGN_STYLE = Automatic;
				DEVELOPMENT_TEAM = V769GH4BXT;
				INFOPLIST_FILE = MandiriMovie/Info.plist;
				LD_RUNPATH_SEARCH_PATHS = (
					"$(inherited)",
					"@executable_path/Frameworks",
				);
				PRODUCT_BUNDLE_IDENTIFIER = am.ios.MandiriMovie;
				PRODUCT_NAME = "$(TARGET_NAME)";
				SWIFT_VERSION = 5.0;
				TARGETED_DEVICE_FAMILY = 1;
			};
			name = Release;
		};
/* End XCBuildConfiguration section */

/* Begin XCConfigurationList section */
		C8D5EC312697464800552968 /* Build configuration list for PBXProject "MandiriMovie" */ = {
			isa = XCConfigurationList;
			buildConfigurations = (
				C8D5EC482697464C00552968 /* Debug */,
				C8D5EC492697464C00552968 /* Release */,
			);
			defaultConfigurationIsVisible = 0;
			defaultConfigurationName = Release;
		};
		C8D5EC4A2697464C00552968 /* Build configuration list for PBXNativeTarget "MandiriMovie" */ = {
			isa = XCConfigurationList;
			buildConfigurations = (
				C8D5EC4B2697464C00552968 /* Debug */,
				C8D5EC4C2697464C00552968 /* Release */,
			);
			defaultConfigurationIsVisible = 0;
			defaultConfigurationName = Release;
		};
/* End XCConfigurationList section */
	};
	rootObject = C8D5EC2E2697464800552968 /* Project object */;
}
